// !$*UTF8*$!
{
	archiveVersion = 1;
	classes = {
	};
	objectVersion = 46;
	objects = {

/* Begin PBXBuildFile section */
		C78DECF21BFBFAB500D7685D /* AppDelegate.swift in Sources */ = {isa = PBXBuildFile; fileRef = C78DECF11BFBFAB500D7685D /* AppDelegate.swift */; };
		C78DECF41BFBFAB500D7685D /* ViewController.swift in Sources */ = {isa = PBXBuildFile; fileRef = C78DECF31BFBFAB500D7685D /* ViewController.swift */; };
		C78DECF71BFBFAB500D7685D /* Main.storyboard in Resources */ = {isa = PBXBuildFile; fileRef = C78DECF51BFBFAB500D7685D /* Main.storyboard */; };
		C78DECF91BFBFAB500D7685D /* Assets.xcassets in Resources */ = {isa = PBXBuildFile; fileRef = C78DECF81BFBFAB500D7685D /* Assets.xcassets */; };
		C78DECFC1BFBFAB500D7685D /* LaunchScreen.storyboard in Resources */ = {isa = PBXBuildFile; fileRef = C78DECFA1BFBFAB500D7685D /* LaunchScreen.storyboard */; };
		C78DED041BFBFC3000D7685D /* Character.swift in Sources */ = {isa = PBXBuildFile; fileRef = C78DED031BFBFC3000D7685D /* Character.swift */; settings = {ASSET_TAGS = (); }; };
		C78DED061BFBFDC100D7685D /* Player.swift in Sources */ = {isa = PBXBuildFile; fileRef = C78DED051BFBFDC100D7685D /* Player.swift */; settings = {ASSET_TAGS = (); }; };
		C78DED081BFC008900D7685D /* Enemy.swift in Sources */ = {isa = PBXBuildFile; fileRef = C78DED071BFC008900D7685D /* Enemy.swift */; settings = {ASSET_TAGS = (); }; };
		C78DED0A1BFC09BB00D7685D /* Kimara.swift in Sources */ = {isa = PBXBuildFile; fileRef = C78DED091BFC09BB00D7685D /* Kimara.swift */; settings = {ASSET_TAGS = (); }; };
		C78DED0C1BFC0B1300D7685D /* DevilWizard.swift in Sources */ = {isa = PBXBuildFile; fileRef = C78DED0B1BFC0B1300D7685D /* DevilWizard.swift */; settings = {ASSET_TAGS = (); }; };
/* End PBXBuildFile section */

/* Begin PBXFileReference section */
		C78DECEE1BFBFAB500D7685D /* rpm-attack-oop.app */ = {isa = PBXFileReference; explicitFileType = wrapper.application; includeInIndex = 0; path = "rpm-attack-oop.app"; sourceTree = BUILT_PRODUCTS_DIR; };
		C78DECF11BFBFAB500D7685D /* AppDelegate.swift */ = {isa = PBXFileReference; lastKnownFileType = sourcecode.swift; path = AppDelegate.swift; sourceTree = "<group>"; };
		C78DECF31BFBFAB500D7685D /* ViewController.swift */ = {isa = PBXFileReference; lastKnownFileType = sourcecode.swift; path = ViewController.swift; sourceTree = "<group>"; };
		C78DECF61BFBFAB500D7685D /* Base */ = {isa = PBXFileReference; lastKnownFileType = file.storyboard; name = Base; path = Base.lproj/Main.storyboard; sourceTree = "<group>"; };
		C78DECF81BFBFAB500D7685D /* Assets.xcassets */ = {isa = PBXFileReference; lastKnownFileType = folder.assetcatalog; path = Assets.xcassets; sourceTree = "<group>"; };
		C78DECFB1BFBFAB500D7685D /* Base */ = {isa = PBXFileReference; lastKnownFileType = file.storyboard; name = Base; path = Base.lproj/LaunchScreen.storyboard; sourceTree = "<group>"; };
		C78DECFD1BFBFAB500D7685D /* Info.plist */ = {isa = PBXFileReference; lastKnownFileType = text.plist.xml; path = Info.plist; sourceTree = "<group>"; };
		C78DED031BFBFC3000D7685D /* Character.swift */ = {isa = PBXFileReference; fileEncoding = 4; lastKnownFileType = sourcecode.swift; path = Character.swift; sourceTree = "<group>"; };
		C78DED051BFBFDC100D7685D /* Player.swift */ = {isa = PBXFileReference; fileEncoding = 4; lastKnownFileType = sourcecode.swift; path = Player.swift; sourceTree = "<group>"; };
		C78DED071BFC008900D7685D /* Enemy.swift */ = {isa = PBXFileReference; fileEncoding = 4; lastKnownFileType = sourcecode.swift; path = Enemy.swift; sourceTree = "<group>"; };
		C78DED091BFC09BB00D7685D /* Kimara.swift */ = {isa = PBXFileReference; fileEncoding = 4; lastKnownFileType = sourcecode.swift; path = Kimara.swift; sourceTree = "<group>"; };
		C78DED0B1BFC0B1300D7685D /* DevilWizard.swift */ = {isa = PBXFileReference; fileEncoding = 4; lastKnownFileType = sourcecode.swift; path = DevilWizard.swift; sourceTree = "<group>"; };
/* End PBXFileReference section */

/* Begin PBXFrameworksBuildPhase section */
		C78DECEB1BFBFAB500D7685D /* Frameworks */ = {
			isa = PBXFrameworksBuildPhase;
			buildActionMask = 2147483647;
			files = (
			);
			runOnlyForDeploymentPostprocessing = 0;
		};
/* End PBXFrameworksBuildPhase section */

/* Begin PBXGroup section */
		C78DECE51BFBFAB500D7685D = {
			isa = PBXGroup;
			children = (
				C78DECF01BFBFAB500D7685D /* rpm-attack-oop */,
				C78DECEF1BFBFAB500D7685D /* Products */,
			);
			sourceTree = "<group>";
		};
		C78DECEF1BFBFAB500D7685D /* Products */ = {
			isa = PBXGroup;
			children = (
				C78DECEE1BFBFAB500D7685D /* rpm-attack-oop.app */,
			);
			name = Products;
			sourceTree = "<group>";
		};
		C78DECF01BFBFAB500D7685D /* rpm-attack-oop */ = {
			isa = PBXGroup;
			children = (
				C78DECF11BFBFAB500D7685D /* AppDelegate.swift */,
				C78DECF31BFBFAB500D7685D /* ViewController.swift */,
				C78DECF51BFBFAB500D7685D /* Main.storyboard */,
				C78DECF81BFBFAB500D7685D /* Assets.xcassets */,
				C78DECFA1BFBFAB500D7685D /* LaunchScreen.storyboard */,
				C78DECFD1BFBFAB500D7685D /* Info.plist */,
				C78DED031BFBFC3000D7685D /* Character.swift */,
				C78DED051BFBFDC100D7685D /* Player.swift */,
				C78DED071BFC008900D7685D /* Enemy.swift */,
				C78DED091BFC09BB00D7685D /* Kimara.swift */,
				C78DED0B1BFC0B1300D7685D /* DevilWizard.swift */,
			);
			path = "rpm-attack-oop";
			sourceTree = "<group>";
		};
/* End PBXGroup section */

/* Begin PBXNativeTarget section */
		C78DECED1BFBFAB500D7685D /* rpm-attack-oop */ = {
			isa = PBXNativeTarget;
			buildConfigurationList = C78DED001BFBFAB500D7685D /* Build configuration list for PBXNativeTarget "rpm-attack-oop" */;
			buildPhases = (
				C78DECEA1BFBFAB500D7685D /* Sources */,
				C78DECEB1BFBFAB500D7685D /* Frameworks */,
				C78DECEC1BFBFAB500D7685D /* Resources */,
			);
			buildRules = (
			);
			dependencies = (
			);
			name = "rpm-attack-oop";
			productName = "rpm-attack-oop";
			productReference = C78DECEE1BFBFAB500D7685D /* rpm-attack-oop.app */;
			productType = "com.apple.product-type.application";
		};
/* End PBXNativeTarget section */

/* Begin PBXProject section */
		C78DECE61BFBFAB500D7685D /* Project object */ = {
			isa = PBXProject;
			attributes = {
				LastUpgradeCheck = 0700;
				ORGANIZATIONNAME = "KENNETH GRANDBERRY";
				TargetAttributes = {
					C78DECED1BFBFAB500D7685D = {
						CreatedOnToolsVersion = 7.0;
					};
				};
			};
			buildConfigurationList = C78DECE91BFBFAB500D7685D /* Build configuration list for PBXProject "rpm-attack-oop" */;
			compatibilityVersion = "Xcode 3.2";
			developmentRegion = English;
			hasScannedForEncodings = 0;
			knownRegions = (
				en,
				Base,
			);
			mainGroup = C78DECE51BFBFAB500D7685D;
			productRefGroup = C78DECEF1BFBFAB500D7685D /* Products */;
			projectDirPath = "";
			projectRoot = "";
			targets = (
				C78DECED1BFBFAB500D7685D /* rpm-attack-oop */,
			);
		};
/* End PBXProject section */

/* Begin PBXResourcesBuildPhase section */
		C78DECEC1BFBFAB500D7685D /* Resources */ = {
			isa = PBXResourcesBuildPhase;
			buildActionMask = 2147483647;
			files = (
				C78DECFC1BFBFAB500D7685D /* LaunchScreen.storyboard in Resources */,
				C78DECF91BFBFAB500D7685D /* Assets.xcassets in Resources */,
				C78DECF71BFBFAB500D7685D /* Main.storyboard in Resources */,
			);
			runOnlyForDeploymentPostprocessing = 0;
		};
/* End PBXResourcesBuildPhase section */

/* Begin PBXSourcesBuildPhase section */
		C78DECEA1BFBFAB500D7685D /* Sources */ = {
			isa = PBXSourcesBuildPhase;
			buildActionMask = 2147483647;
			files = (
				C78DED061BFBFDC100D7685D /* Player.swift in Sources */,
				C78DED081BFC008900D7685D /* Enemy.swift in Sources */,
				C78DED0C1BFC0B1300D7685D /* DevilWizard.swift in Sources */,
				C78DED0A1BFC09BB00D7685D /* Kimara.swift in Sources */,
				C78DED041BFBFC3000D7685D /* Character.swift in Sources */,
				C78DECF41BFBFAB500D7685D /* ViewController.swift in Sources */,
				C78DECF21BFBFAB500D7685D /* AppDelegate.swift in Sources */,
			);
			runOnlyForDeploymentPostprocessing = 0;
		};
/* End PBXSourcesBuildPhase section */

/* Begin PBXVariantGroup section */
		C78DECF51BFBFAB500D7685D /* Main.storyboard */ = {
			isa = PBXVariantGroup;
			children = (
				C78DECF61BFBFAB500D7685D /* Base */,
			);
			name = Main.storyboard;
			sourceTree = "<group>";
		};
		C78DECFA1BFBFAB500D7685D /* LaunchScreen.storyboard */ = {
			isa = PBXVariantGroup;
			children = (
				C78DECFB1BFBFAB500D7685D /* Base */,
			);
			name = LaunchScreen.storyboard;
			sourceTree = "<group>";
		};
/* End PBXVariantGroup section */

/* Begin XCBuildConfiguration section */
		C78DECFE1BFBFAB500D7685D /* Debug */ = {
			isa = XCBuildConfiguration;
			buildSettings = {
				ALWAYS_SEARCH_USER_PATHS = NO;
				CLANG_CXX_LANGUAGE_STANDARD = "gnu++0x";
				CLANG_CXX_LIBRARY = "libc++";
				CLANG_ENABLE_MODULES = YES;
				CLANG_ENABLE_OBJC_ARC = YES;
				CLANG_WARN_BOOL_CONVERSION = YES;
				CLANG_WARN_CONSTANT_CONVERSION = YES;
				CLANG_WARN_DIRECT_OBJC_ISA_USAGE = YES_ERROR;
				CLANG_WARN_EMPTY_BODY = YES;
				CLANG_WARN_ENUM_CONVERSION = YES;
				CLANG_WARN_INT_CONVERSION = YES;
				CLANG_WARN_OBJC_ROOT_CLASS = YES_ERROR;
				CLANG_WARN_UNREACHABLE_CODE = YES;
				CLANG_WARN__DUPLICATE_METHOD_MATCH = YES;
				"CODE_SIGN_IDENTITY[sdk=iphoneos*]" = "iPhone Developer";
				COPY_PHASE_STRIP = NO;
				DEBUG_INFORMATION_FORMAT = dwarf;
				ENABLE_STRICT_OBJC_MSGSEND = YES;
				ENABLE_TESTABILITY = YES;
				GCC_C_LANGUAGE_STANDARD = gnu99;
				GCC_DYNAMIC_NO_PIC = NO;
				GCC_NO_COMMON_BLOCKS = YES;
				GCC_OPTIMIZATION_LEVEL = 0;
				GCC_PREPROCESSOR_DEFINITIONS = (
					"DEBUG=1",
					"$(inherited)",
				);
				GCC_WARN_64_TO_32_BIT_CONVERSION = YES;
				GCC_WARN_ABOUT_RETURN_TYPE = YES_ERROR;
				GCC_WARN_UNDECLARED_SELECTOR = YES;
				GCC_WARN_UNINITIALIZED_AUTOS = YES_AGGRESSIVE;
				GCC_WARN_UNUSED_FUNCTION = YES;
				GCC_WARN_UNUSED_VARIABLE = YES;
				IPHONEOS_DEPLOYMENT_TARGET = 9.0;
				MTL_ENABLE_DEBUG_INFO = YES;
				ONLY_ACTIVE_ARCH = YES;
				SDKROOT = iphoneos;
				SWIFT_OPTIMIZATION_LEVEL = "-Onone";
			};
			name = Debug;
		};
		C78DECFF1BFBFAB500D7685D /* Release */ = {
			isa = XCBuildConfiguration;
			buildSettings = {
				ALWAYS_SEARCH_USER_PATHS = NO;
				CLANG_CXX_LANGUAGE_STANDARD = "gnu++0x";
				CLANG_CXX_LIBRARY = "libc++";
				CLANG_ENABLE_MODULES = YES;
				CLANG_ENABLE_OBJC_ARC = YES;
				CLANG_WARN_BOOL_CONVERSION = YES;
				CLANG_WARN_CONSTANT_CONVERSION = YES;
				CLANG_WARN_DIRECT_OBJC_ISA_USAGE = YES_ERROR;
				CLANG_WARN_EMPTY_BODY = YES;
				CLANG_WARN_ENUM_CONVERSION = YES;
				CLANG_WARN_INT_CONVERSION = YES;
				CLANG_WARN_OBJC_ROOT_CLASS = YES_ERROR;
				CLANG_WARN_UNREACHABLE_CODE = YES;
				CLANG_WARN__DUPLICATE_METHOD_MATCH = YES;
				"CODE_SIGN_IDENTITY[sdk=iphoneos*]" = "iPhone Developer";
				COPY_PHASE_STRIP = NO;
				DEBUG_INFORMATION_FORMAT = "dwarf-with-dsym";
				ENABLE_NS_ASSERTIONS = NO;
				ENABLE_STRICT_OBJC_MSGSEND = YES;
				GCC_C_LANGUAGE_STANDARD = gnu99;
				GCC_NO_COMMON_BLOCKS = YES;
				GCC_WARN_64_TO_32_BIT_CONVERSION = YES;
				GCC_WARN_ABOUT_RETURN_TYPE = YES_ERROR;
				GCC_WARN_UNDECLARED_SELECTOR = YES;
				GCC_WARN_UNINITIALIZED_AUTOS = YES_AGGRESSIVE;
				GCC_WARN_UNUSED_FUNCTION = YES;
				GCC_WARN_UNUSED_VARIABLE = YES;
				IPHONEOS_DEPLOYMENT_TARGET = 9.0;
				MTL_ENABLE_DEBUG_INFO = NO;
				SDKROOT = iphoneos;
				VALIDATE_PRODUCT = YES;
			};
			name = Release;
		};
		C78DED011BFBFAB500D7685D /* Debug */ = {
			isa = XCBuildConfiguration;
			buildSettings = {
				ASSETCATALOG_COMPILER_APPICON_NAME = AppIcon;
				INFOPLIST_FILE = "rpm-attack-oop/Info.plist";
				LD_RUNPATH_SEARCH_PATHS = "$(inherited) @executable_path/Frameworks";
				PRODUCT_BUNDLE_IDENTIFIER = "com.nerdinabriefcase.rpm-attack-oop";
				PRODUCT_NAME = "$(TARGET_NAME)";
			};
			name = Debug;
		};
		C78DED021BFBFAB500D7685D /* Release */ = {
			isa = XCBuildConfiguration;
			buildSettings = {
				ASSETCATALOG_COMPILER_APPICON_NAME = AppIcon;
				INFOPLIST_FILE = "rpm-attack-oop/Info.plist";
				LD_RUNPATH_SEARCH_PATHS = "$(inherited) @executable_path/Frameworks";
				PRODUCT_BUNDLE_IDENTIFIER = "com.nerdinabriefcase.rpm-attack-oop";
				PRODUCT_NAME = "$(TARGET_NAME)";
			};
			name = Release;
		};
/* End XCBuildConfiguration section */

/* Begin XCConfigurationList section */
		C78DECE91BFBFAB500D7685D /* Build configuration list for PBXProject "rpm-attack-oop" */ = {
			isa = XCConfigurationList;
			buildConfigurations = (
				C78DECFE1BFBFAB500D7685D /* Debug */,
				C78DECFF1BFBFAB500D7685D /* Release */,
			);
			defaultConfigurationIsVisible = 0;
			defaultConfigurationName = Release;
		};
		C78DED001BFBFAB500D7685D /* Build configuration list for PBXNativeTarget "rpm-attack-oop" */ = {
			isa = XCConfigurationList;
			buildConfigurations = (
				C78DED011BFBFAB500D7685D /* Debug */,
				C78DED021BFBFAB500D7685D /* Release */,
			);
			defaultConfigurationIsVisible = 0;
			defaultConfigurationName = Release;
		};
/* End XCConfigurationList section */
	};
	rootObject = C78DECE61BFBFAB500D7685D /* Project object */;
}
